
Microsoft Visual Studio Solution File, Format Version 12.00
# Visual Studio Version 17
VisualStudioVersion = 17.3.32929.385
MinimumVisualStudioVersion = 10.0.40219.1
Project("{FAE04EC0-301F-11D3-BF4B-00C04F79EFBC}") = "EcommereceStore", "EcommereceStore\EcommereceStore.csproj", "{7C07922C-DFA7-4DBE-BF8F-8C3224EBC7F0}"
EndProject
Global
	GlobalSection(SolutionConfigurationPlatforms) = preSolution
		Debug|Any CPU = Debug|Any CPU
		Release|Any CPU = Release|Any CPU
	EndGlobalSection
	GlobalSection(ProjectConfigurationPlatforms) = postSolution
		{7C07922C-DFA7-4DBE-BF8F-8C3224EBC7F0}.Debug|Any CPU.ActiveCfg = Debug|Any CPU
		{7C07922C-DFA7-4DBE-BF8F-8C3224EBC7F0}.Debug|Any CPU.Build.0 = Debug|Any CPU
		{7C07922C-DFA7-4DBE-BF8F-8C3224EBC7F0}.Release|Any CPU.ActiveCfg = Release|Any CPU
		{7C07922C-DFA7-4DBE-BF8F-8C3224EBC7F0}.Release|Any CPU.Build.0 = Release|Any CPU
	EndGlobalSection
	GlobalSection(SolutionProperties) = preSolution
		HideSolutionNode = FALSE
	EndGlobalSection
	GlobalSection(ExtensibilityGlobals) = postSolution
		SolutionGuid = {2F4ABA42-C9E4-4756-8D1D-B8A6D200865D}
	EndGlobalSection
EndGlobal
